# Generated by the intelligence CLI. Do not edit.
lockfile_version: 1
engine_version: "0.16.1"
packages:
  "@ainova-systems/sync":
    requested: "0.16.1"
    url: "https://github.com/ainova-systems/intelligence.git"
    path: "packages/sync"
    resolved: "v0.16.1"
    sha: "365ec21e2f2d4d9ef323ed9f1387b3c3c4bef845"
