# Generated by the intelligence CLI. Do not edit.
lockfile_version: 1
engine_version: "0.16.0"
packages:
  "@ainova-systems/sync":
    requested: "0.16.0"
    url: "https://github.com/ainova-systems/intelligence.git"
    path: "packages/sync"
    resolved: "v0.16.0"
    sha: "179b1e89ade2ac7d833750458de1babe0c7a6d90"
